dependencies:
- name: postgres-operator
  repository: https://opensource.zalando.com/postgres-operator/charts/postgres-operator
  version: 1.10.1
- name: strimzi-kafka-operator
  repository: https://strimzi.io/charts/
  version: 0.38.0
digest: sha256:2389fd5a9c864afcfcebde6d24ac885c63e6062c4db18e0a9cb16e8a084e4363
generated: "2025-04-20T21:33:50.915905-05:00"
