dependencies:
- name: postgres-operator
  repository: https://opensource.zalando.com/postgres-operator/charts/postgres-operator
  version: 1.10.1
- name: strimzi-kafka-operator
  repository: https://strimzi.io/charts/
  version: 0.38.0
- name: kube-prometheus-stack
  repository: https://prometheus-community.github.io/helm-charts
  version: 55.5.0
digest: sha256:a6313d7ca4022c0fdcfb7677d04b6933b8f8e2834118b882805f2f9cb3f42670
generated: "2025-04-21T09:17:47.70074-05:00"
